
Microsoft Visual Studio Solution File, Format Version 12.00
# Visual Studio 15
VisualStudioVersion = 15.0.28307.136
MinimumVisualStudioVersion = 10.0.40219.1
Project("{FAE04EC0-301F-11D3-BF4B-00C04F79EFBC}") = "Sitecore.Foundation.Channels", "Sitecore.Foundation.Channels\Sitecore.Foundation.Channels.csproj", "{48850052-D975-435D-8E67-014728C50E76}"
EndProject
Global
	GlobalSection(SolutionConfigurationPlatforms) = preSolution
		Debug|Any CPU = Debug|Any CPU
		Release|Any CPU = Release|Any CPU
	EndGlobalSection
	GlobalSection(ProjectConfigurationPlatforms) = postSolution
		{48850052-D975-435D-8E67-014728C50E76}.Debug|Any CPU.ActiveCfg = Debug|Any CPU
		{48850052-D975-435D-8E67-014728C50E76}.Debug|Any CPU.Build.0 = Debug|Any CPU
		{48850052-D975-435D-8E67-014728C50E76}.Release|Any CPU.ActiveCfg = Release|Any CPU
		{48850052-D975-435D-8E67-014728C50E76}.Release|Any CPU.Build.0 = Release|Any CPU
	EndGlobalSection
	GlobalSection(SolutionProperties) = preSolution
		HideSolutionNode = FALSE
	EndGlobalSection
	GlobalSection(ExtensibilityGlobals) = postSolution
		SolutionGuid = {7D8303CB-D449-4A4C-9135-0F2DAD6C7F0B}
	EndGlobalSection
EndGlobal
